// !$*UTF8*$!
{
	archiveVersion = 1;
	classes = {
	};
	objectVersion = 56;
	objects = {

/* Begin PBXBuildFile section */
		031CC1392CA7066F0081D132 /* AndysWayApp.swift in Sources */ = {isa = PBXBuildFile; fileRef = 031CC1382CA7066F0081D132 /* AndysWayApp.swift */; };
		031CC13B2CA7066F0081D132 /* LoginView.swift in Sources */ = {isa = PBXBuildFile; fileRef = 031CC13A2CA7066F0081D132 /* LoginView.swift */; };
		031CC13F2CA706700081D132 /* Assets.xcassets in Resources */ = {isa = PBXBuildFile; fileRef = 031CC13E2CA706700081D132 /* Assets.xcassets */; };
		031CC1432CA706700081D132 /* Preview Assets.xcassets in Resources */ = {isa = PBXBuildFile; fileRef = 031CC1422CA706700081D132 /* Preview Assets.xcassets */; };
		031CC14D2CA706700081D132 /* AndysWayTests.swift in Sources */ = {isa = PBXBuildFile; fileRef = 031CC14C2CA706700081D132 /* AndysWayTests.swift */; };
		031CC1572CA706700081D132 /* AndysWayUITests.swift in Sources */ = {isa = PBXBuildFile; fileRef = 031CC1562CA706700081D132 /* AndysWayUITests.swift */; };
		031CC1592CA706700081D132 /* AndysWayUITestsLaunchTests.swift in Sources */ = {isa = PBXBuildFile; fileRef = 031CC1582CA706700081D132 /* AndysWayUITestsLaunchTests.swift */; };
		034C66312CAD8CBF0051B8E9 /* ResourceEndPoint.swift in Sources */ = {isa = PBXBuildFile; fileRef = 034C66302CAD8CBF0051B8E9 /* ResourceEndPoint.swift */; };
		034C66332CAD8E240051B8E9 /* Environment.swift in Sources */ = {isa = PBXBuildFile; fileRef = 034C66322CAD8E240051B8E9 /* Environment.swift */; };
		036269272CEBE5CD005AD3F1 /* FilterMarkersView.swift in Sources */ = {isa = PBXBuildFile; fileRef = 036269262CEBE5CD005AD3F1 /* FilterMarkersView.swift */; };
		03B27CA12CD00FA20004DA73 /* MarkerView.swift in Sources */ = {isa = PBXBuildFile; fileRef = 03B27CA02CD00F9C0004DA73 /* MarkerView.swift */; };
		03B27CA32CD07F920004DA73 /* AddMarkerView.swift in Sources */ = {isa = PBXBuildFile; fileRef = 03B27CA22CD07F8F0004DA73 /* AddMarkerView.swift */; };
		03E897982CADB31100403E52 /* AppDelegate.swift in Sources */ = {isa = PBXBuildFile; fileRef = 03E897972CADB31100403E52 /* AppDelegate.swift */; };
		03E8979F2CADC2A600403E52 /* LoginViewModel.swift in Sources */ = {isa = PBXBuildFile; fileRef = 03E8979E2CADC2A100403E52 /* LoginViewModel.swift */; };
		03E897A12CADC2F000403E52 /* LoginEndPoint.swift in Sources */ = {isa = PBXBuildFile; fileRef = 03E897A02CADC2E700403E52 /* LoginEndPoint.swift */; };
		03F55A882CCADC2A00674DEF /* TabBarView.swift in Sources */ = {isa = PBXBuildFile; fileRef = 03F55A872CCADBF400674DEF /* TabBarView.swift */; };
		03F55A8A2CCADDF200674DEF /* HomeView.swift in Sources */ = {isa = PBXBuildFile; fileRef = 03F55A892CCADDEF00674DEF /* HomeView.swift */; };
		03F55A8C2CCADFBA00674DEF /* MapView.swift in Sources */ = {isa = PBXBuildFile; fileRef = 03F55A8B2CCADFB700674DEF /* MapView.swift */; };
		03F55A8E2CCADFE300674DEF /* ProfileView.swift in Sources */ = {isa = PBXBuildFile; fileRef = 03F55A8D2CCADFE000674DEF /* ProfileView.swift */; };
		03F55AF52CCBE39200674DEF /* LocationManager.swift in Sources */ = {isa = PBXBuildFile; fileRef = 03F55AF42CCBE39200674DEF /* LocationManager.swift */; };
		03F55AF72CCC143600674DEF /* MarkersEndPoint.swift in Sources */ = {isa = PBXBuildFile; fileRef = 03F55AF62CCC143600674DEF /* MarkersEndPoint.swift */; };
		03F55AF92CCC161100674DEF /* MapViewModel.swift in Sources */ = {isa = PBXBuildFile; fileRef = 03F55AF82CCC161100674DEF /* MapViewModel.swift */; };
		03F55B2D2CCC18D600674DEF /* HomeViewModel.swift in Sources */ = {isa = PBXBuildFile; fileRef = 03F55B2C2CCC18D200674DEF /* HomeViewModel.swift */; };
		03F55B2F2CCC18DF00674DEF /* ProfileViewModel.swift in Sources */ = {isa = PBXBuildFile; fileRef = 03F55B2E2CCC18DF00674DEF /* ProfileViewModel.swift */; };
		03F55B312CCC1C4B00674DEF /* NetworkErrors.swift in Sources */ = {isa = PBXBuildFile; fileRef = 03F55B302CCC1C4000674DEF /* NetworkErrors.swift */; };
		03F55B332CCC1C9000674DEF /* User.swift in Sources */ = {isa = PBXBuildFile; fileRef = 03F55B322CCC1C8C00674DEF /* User.swift */; };
		03F55B352CCC1CA300674DEF /* MyMarker.swift in Sources */ = {isa = PBXBuildFile; fileRef = 03F55B342CCC1CA300674DEF /* MyMarker.swift */; };
/* End PBXBuildFile section */

/* Begin PBXContainerItemProxy section */
		031CC1492CA706700081D132 /* PBXContainerItemProxy */ = {
			isa = PBXContainerItemProxy;
			containerPortal = 031CC12D2CA7066F0081D132 /* Project object */;
			proxyType = 1;
			remoteGlobalIDString = 031CC1342CA7066F0081D132;
			remoteInfo = AndysWay;
		};
		031CC1532CA706700081D132 /* PBXContainerItemProxy */ = {
			isa = PBXContainerItemProxy;
			containerPortal = 031CC12D2CA7066F0081D132 /* Project object */;
			proxyType = 1;
			remoteGlobalIDString = 031CC1342CA7066F0081D132;
			remoteInfo = AndysWay;
		};
/* End PBXContainerItemProxy section */

/* Begin PBXFileReference section */
		031CC1352CA7066F0081D132 /* AndysWay.app */ = {isa = PBXFileReference; explicitFileType = wrapper.application; includeInIndex = 0; path = AndysWay.app; sourceTree = BUILT_PRODUCTS_DIR; };
		031CC1382CA7066F0081D132 /* AndysWayApp.swift */ = {isa = PBXFileReference; lastKnownFileType = sourcecode.swift; path = AndysWayApp.swift; sourceTree = "<group>"; };
		031CC13A2CA7066F0081D132 /* LoginView.swift */ = {isa = PBXFileReference; lastKnownFileType = sourcecode.swift; path = LoginView.swift; sourceTree = "<group>"; };
		031CC13E2CA706700081D132 /* Assets.xcassets */ = {isa = PBXFileReference; lastKnownFileType = folder.assetcatalog; path = Assets.xcassets; sourceTree = "<group>"; };
		031CC1402CA706700081D132 /* AndysWay.entitlements */ = {isa = PBXFileReference; lastKnownFileType = text.plist.entitlements; path = AndysWay.entitlements; sourceTree = "<group>"; };
		031CC1422CA706700081D132 /* Preview Assets.xcassets */ = {isa = PBXFileReference; lastKnownFileType = folder.assetcatalog; path = "Preview Assets.xcassets"; sourceTree = "<group>"; };
		031CC1482CA706700081D132 /* AndysWayTests.xctest */ = {isa = PBXFileReference; explicitFileType = wrapper.cfbundle; includeInIndex = 0; path = AndysWayTests.xctest; sourceTree = BUILT_PRODUCTS_DIR; };
		031CC14C2CA706700081D132 /* AndysWayTests.swift */ = {isa = PBXFileReference; lastKnownFileType = sourcecode.swift; path = AndysWayTests.swift; sourceTree = "<group>"; };
		031CC1522CA706700081D132 /* AndysWayUITests.xctest */ = {isa = PBXFileReference; explicitFileType = wrapper.cfbundle; includeInIndex = 0; path = AndysWayUITests.xctest; sourceTree = BUILT_PRODUCTS_DIR; };
		031CC1562CA706700081D132 /* AndysWayUITests.swift */ = {isa = PBXFileReference; lastKnownFileType = sourcecode.swift; path = AndysWayUITests.swift; sourceTree = "<group>"; };
		031CC1582CA706700081D132 /* AndysWayUITestsLaunchTests.swift */ = {isa = PBXFileReference; lastKnownFileType = sourcecode.swift; path = AndysWayUITestsLaunchTests.swift; sourceTree = "<group>"; };
		034C66302CAD8CBF0051B8E9 /* ResourceEndPoint.swift */ = {isa = PBXFileReference; lastKnownFileType = sourcecode.swift; path = ResourceEndPoint.swift; sourceTree = "<group>"; };
		034C66322CAD8E240051B8E9 /* Environment.swift */ = {isa = PBXFileReference; lastKnownFileType = sourcecode.swift; path = Environment.swift; sourceTree = "<group>"; };
		036269262CEBE5CD005AD3F1 /* FilterMarkersView.swift */ = {isa = PBXFileReference; lastKnownFileType = sourcecode.swift; path = FilterMarkersView.swift; sourceTree = "<group>"; };
		03B27CA02CD00F9C0004DA73 /* MarkerView.swift */ = {isa = PBXFileReference; lastKnownFileType = sourcecode.swift; path = MarkerView.swift; sourceTree = "<group>"; };
		03B27CA22CD07F8F0004DA73 /* AddMarkerView.swift */ = {isa = PBXFileReference; lastKnownFileType = sourcecode.swift; path = AddMarkerView.swift; sourceTree = "<group>"; };
		03E897972CADB31100403E52 /* AppDelegate.swift */ = {isa = PBXFileReference; lastKnownFileType = sourcecode.swift; path = AppDelegate.swift; sourceTree = "<group>"; };
		03E8979E2CADC2A100403E52 /* LoginViewModel.swift */ = {isa = PBXFileReference; lastKnownFileType = sourcecode.swift; path = LoginViewModel.swift; sourceTree = "<group>"; };
		03E897A02CADC2E700403E52 /* LoginEndPoint.swift */ = {isa = PBXFileReference; lastKnownFileType = sourcecode.swift; path = LoginEndPoint.swift; sourceTree = "<group>"; };
		03F55A872CCADBF400674DEF /* TabBarView.swift */ = {isa = PBXFileReference; lastKnownFileType = sourcecode.swift; path = TabBarView.swift; sourceTree = "<group>"; };
		03F55A892CCADDEF00674DEF /* HomeView.swift */ = {isa = PBXFileReference; lastKnownFileType = sourcecode.swift; path = HomeView.swift; sourceTree = "<group>"; };
		03F55A8B2CCADFB700674DEF /* MapView.swift */ = {isa = PBXFileReference; lastKnownFileType = sourcecode.swift; path = MapView.swift; sourceTree = "<group>"; };
		03F55A8D2CCADFE000674DEF /* ProfileView.swift */ = {isa = PBXFileReference; lastKnownFileType = sourcecode.swift; path = ProfileView.swift; sourceTree = "<group>"; };
		03F55AF42CCBE39200674DEF /* LocationManager.swift */ = {isa = PBXFileReference; lastKnownFileType = sourcecode.swift; path = LocationManager.swift; sourceTree = "<group>"; };
		03F55AF62CCC143600674DEF /* MarkersEndPoint.swift */ = {isa = PBXFileReference; lastKnownFileType = sourcecode.swift; path = MarkersEndPoint.swift; sourceTree = "<group>"; };
		03F55AF82CCC161100674DEF /* MapViewModel.swift */ = {isa = PBXFileReference; lastKnownFileType = sourcecode.swift; path = MapViewModel.swift; sourceTree = "<group>"; };
		03F55B2C2CCC18D200674DEF /* HomeViewModel.swift */ = {isa = PBXFileReference; lastKnownFileType = sourcecode.swift; path = HomeViewModel.swift; sourceTree = "<group>"; };
		03F55B2E2CCC18DF00674DEF /* ProfileViewModel.swift */ = {isa = PBXFileReference; lastKnownFileType = sourcecode.swift; path = ProfileViewModel.swift; sourceTree = "<group>"; };
		03F55B302CCC1C4000674DEF /* NetworkErrors.swift */ = {isa = PBXFileReference; lastKnownFileType = sourcecode.swift; path = NetworkErrors.swift; sourceTree = "<group>"; };
		03F55B322CCC1C8C00674DEF /* User.swift */ = {isa = PBXFileReference; lastKnownFileType = sourcecode.swift; path = User.swift; sourceTree = "<group>"; };
		03F55B342CCC1CA300674DEF /* MyMarker.swift */ = {isa = PBXFileReference; lastKnownFileType = sourcecode.swift; path = MyMarker.swift; sourceTree = "<group>"; };
/* End PBXFileReference section */

/* Begin PBXFrameworksBuildPhase section */
		031CC1322CA7066F0081D132 /* Frameworks */ = {
			isa = PBXFrameworksBuildPhase;
			buildActionMask = 2147483647;
			files = (
			);
			runOnlyForDeploymentPostprocessing = 0;
		};
		031CC1452CA706700081D132 /* Frameworks */ = {
			isa = PBXFrameworksBuildPhase;
			buildActionMask = 2147483647;
			files = (
			);
			runOnlyForDeploymentPostprocessing = 0;
		};
		031CC14F2CA706700081D132 /* Frameworks */ = {
			isa = PBXFrameworksBuildPhase;
			buildActionMask = 2147483647;
			files = (
			);
			runOnlyForDeploymentPostprocessing = 0;
		};
/* End PBXFrameworksBuildPhase section */

/* Begin PBXGroup section */
		031CC12C2CA7066F0081D132 = {
			isa = PBXGroup;
			children = (
				031CC1372CA7066F0081D132 /* AndysWay */,
				031CC14B2CA706700081D132 /* AndysWayTests */,
				031CC1552CA706700081D132 /* AndysWayUITests */,
				031CC1362CA7066F0081D132 /* Products */,
			);
			sourceTree = "<group>";
		};
		031CC1362CA7066F0081D132 /* Products */ = {
			isa = PBXGroup;
			children = (
				031CC1352CA7066F0081D132 /* AndysWay.app */,
				031CC1482CA706700081D132 /* AndysWayTests.xctest */,
				031CC1522CA706700081D132 /* AndysWayUITests.xctest */,
			);
			name = Products;
			sourceTree = "<group>";
		};
		031CC1372CA7066F0081D132 /* AndysWay */ = {
			isa = PBXGroup;
			children = (
				034C662D2CAD84350051B8E9 /* Assets */,
				034C662A2CAD7F7A0051B8E9 /* Helpers */,
				03F55AF32CCBE37800674DEF /* Managers */,
				034C66292CAD79E20051B8E9 /* Model */,
				034C66282CAD79DA0051B8E9 /* Views */,
				03E8979A2CADB91300403E52 /* ViewModels */,
				034C66272CAD79CB0051B8E9 /* Network */,
				031CC1382CA7066F0081D132 /* AndysWayApp.swift */,
				03E897972CADB31100403E52 /* AppDelegate.swift */,
				031CC1402CA706700081D132 /* AndysWay.entitlements */,
				031CC1412CA706700081D132 /* Preview Content */,
			);
			path = AndysWay;
			sourceTree = "<group>";
		};
		031CC1412CA706700081D132 /* Preview Content */ = {
			isa = PBXGroup;
			children = (
				031CC1422CA706700081D132 /* Preview Assets.xcassets */,
			);
			path = "Preview Content";
			sourceTree = "<group>";
		};
		031CC14B2CA706700081D132 /* AndysWayTests */ = {
			isa = PBXGroup;
			children = (
				031CC14C2CA706700081D132 /* AndysWayTests.swift */,
			);
			path = AndysWayTests;
			sourceTree = "<group>";
		};
		031CC1552CA706700081D132 /* AndysWayUITests */ = {
			isa = PBXGroup;
			children = (
				031CC1562CA706700081D132 /* AndysWayUITests.swift */,
				031CC1582CA706700081D132 /* AndysWayUITestsLaunchTests.swift */,
			);
			path = AndysWayUITests;
			sourceTree = "<group>";
		};
		034C66272CAD79CB0051B8E9 /* Network */ = {
			isa = PBXGroup;
			children = (
				03F55B302CCC1C4000674DEF /* NetworkErrors.swift */,
				034C66322CAD8E240051B8E9 /* Environment.swift */,
				034C66302CAD8CBF0051B8E9 /* ResourceEndPoint.swift */,
				03E897A02CADC2E700403E52 /* LoginEndPoint.swift */,
				03F55AF62CCC143600674DEF /* MarkersEndPoint.swift */,
			);
			path = Network;
			sourceTree = "<group>";
		};
		034C66282CAD79DA0051B8E9 /* Views */ = {
			isa = PBXGroup;
			children = (
				03B27CA22CD07F8F0004DA73 /* AddMarkerView.swift */,
				036269262CEBE5CD005AD3F1 /* FilterMarkersView.swift */,
				03B27CA02CD00F9C0004DA73 /* MarkerView.swift */,
				03F55A892CCADDEF00674DEF /* HomeView.swift */,
				031CC13A2CA7066F0081D132 /* LoginView.swift */,
				03F55A8B2CCADFB700674DEF /* MapView.swift */,
				03F55A8D2CCADFE000674DEF /* ProfileView.swift */,
				03F55A872CCADBF400674DEF /* TabBarView.swift */,
			);
			path = Views;
			sourceTree = "<group>";
		};
		034C66292CAD79E20051B8E9 /* Model */ = {
			isa = PBXGroup;
			children = (
				03F55B322CCC1C8C00674DEF /* User.swift */,
				03F55B342CCC1CA300674DEF /* MyMarker.swift */,
			);
			path = Model;
			sourceTree = "<group>";
		};
		034C662A2CAD7F7A0051B8E9 /* Helpers */ = {
			isa = PBXGroup;
			children = (
			);
			path = Helpers;
			sourceTree = "<group>";
		};
		034C662D2CAD84350051B8E9 /* Assets */ = {
			isa = PBXGroup;
			children = (
				031CC13E2CA706700081D132 /* Assets.xcassets */,
			);
			path = Assets;
			sourceTree = "<group>";
		};
		03E8979A2CADB91300403E52 /* ViewModels */ = {
			isa = PBXGroup;
			children = (
				03E8979E2CADC2A100403E52 /* LoginViewModel.swift */,
				03F55B2C2CCC18D200674DEF /* HomeViewModel.swift */,
				03F55AF82CCC161100674DEF /* MapViewModel.swift */,
				03F55B2E2CCC18DF00674DEF /* ProfileViewModel.swift */,
			);
			path = ViewModels;
			sourceTree = "<group>";
		};
		03F55AF32CCBE37800674DEF /* Managers */ = {
			isa = PBXGroup;
			children = (
				03F55AF42CCBE39200674DEF /* LocationManager.swift */,
			);
			path = Managers;
			sourceTree = "<group>";
		};
/* End PBXGroup section */

/* Begin PBXNativeTarget section */
		031CC1342CA7066F0081D132 /* AndysWay */ = {
			isa = PBXNativeTarget;
			buildConfigurationList = 031CC15C2CA706700081D132 /* Build configuration list for PBXNativeTarget "AndysWay" */;
			buildPhases = (
				031CC1312CA7066F0081D132 /* Sources */,
				031CC1322CA7066F0081D132 /* Frameworks */,
				031CC1332CA7066F0081D132 /* Resources */,
			);
			buildRules = (
			);
			dependencies = (
			);
			name = AndysWay;
			productName = AndysWay;
			productReference = 031CC1352CA7066F0081D132 /* AndysWay.app */;
			productType = "com.apple.product-type.application";
		};
		031CC1472CA706700081D132 /* AndysWayTests */ = {
			isa = PBXNativeTarget;
			buildConfigurationList = 031CC15F2CA706700081D132 /* Build configuration list for PBXNativeTarget "AndysWayTests" */;
			buildPhases = (
				031CC1442CA706700081D132 /* Sources */,
				031CC1452CA706700081D132 /* Frameworks */,
				031CC1462CA706700081D132 /* Resources */,
			);
			buildRules = (
			);
			dependencies = (
				031CC14A2CA706700081D132 /* PBXTargetDependency */,
			);
			name = AndysWayTests;
			productName = AndysWayTests;
			productReference = 031CC1482CA706700081D132 /* AndysWayTests.xctest */;
			productType = "com.apple.product-type.bundle.unit-test";
		};
		031CC1512CA706700081D132 /* AndysWayUITests */ = {
			isa = PBXNativeTarget;
			buildConfigurationList = 031CC1622CA706700081D132 /* Build configuration list for PBXNativeTarget "AndysWayUITests" */;
			buildPhases = (
				031CC14E2CA706700081D132 /* Sources */,
				031CC14F2CA706700081D132 /* Frameworks */,
				031CC1502CA706700081D132 /* Resources */,
			);
			buildRules = (
			);
			dependencies = (
				031CC1542CA706700081D132 /* PBXTargetDependency */,
			);
			name = AndysWayUITests;
			productName = AndysWayUITests;
			productReference = 031CC1522CA706700081D132 /* AndysWayUITests.xctest */;
			productType = "com.apple.product-type.bundle.ui-testing";
		};
/* End PBXNativeTarget section */

/* Begin PBXProject section */
		031CC12D2CA7066F0081D132 /* Project object */ = {
			isa = PBXProject;
			attributes = {
				BuildIndependentTargetsInParallel = 1;
				LastSwiftUpdateCheck = 1540;
				LastUpgradeCheck = 1540;
				TargetAttributes = {
					031CC1342CA7066F0081D132 = {
						CreatedOnToolsVersion = 15.4;
					};
					031CC1472CA706700081D132 = {
						CreatedOnToolsVersion = 15.4;
						TestTargetID = 031CC1342CA7066F0081D132;
					};
					031CC1512CA706700081D132 = {
						CreatedOnToolsVersion = 15.4;
						TestTargetID = 031CC1342CA7066F0081D132;
					};
				};
			};
			buildConfigurationList = 031CC1302CA7066F0081D132 /* Build configuration list for PBXProject "AndysWay" */;
			compatibilityVersion = "Xcode 14.0";
			developmentRegion = en;
			hasScannedForEncodings = 0;
			knownRegions = (
				en,
				Base,
			);
			mainGroup = 031CC12C2CA7066F0081D132;
			productRefGroup = 031CC1362CA7066F0081D132 /* Products */;
			projectDirPath = "";
			projectRoot = "";
			targets = (
				031CC1342CA7066F0081D132 /* AndysWay */,
				031CC1472CA706700081D132 /* AndysWayTests */,
				031CC1512CA706700081D132 /* AndysWayUITests */,
			);
		};
/* End PBXProject section */

/* Begin PBXResourcesBuildPhase section */
		031CC1332CA7066F0081D132 /* Resources */ = {
			isa = PBXResourcesBuildPhase;
			buildActionMask = 2147483647;
			files = (
				031CC1432CA706700081D132 /* Preview Assets.xcassets in Resources */,
				031CC13F2CA706700081D132 /* Assets.xcassets in Resources */,
			);
			runOnlyForDeploymentPostprocessing = 0;
		};
		031CC1462CA706700081D132 /* Resources */ = {
			isa = PBXResourcesBuildPhase;
			buildActionMask = 2147483647;
			files = (
			);
			runOnlyForDeploymentPostprocessing = 0;
		};
		031CC1502CA706700081D132 /* Resources */ = {
			isa = PBXResourcesBuildPhase;
			buildActionMask = 2147483647;
			files = (
			);
			runOnlyForDeploymentPostprocessing = 0;
		};
/* End PBXResourcesBuildPhase section */

/* Begin PBXSourcesBuildPhase section */
		031CC1312CA7066F0081D132 /* Sources */ = {
			isa = PBXSourcesBuildPhase;
			buildActionMask = 2147483647;
			files = (
				03F55A8A2CCADDF200674DEF /* HomeView.swift in Sources */,
				03E897982CADB31100403E52 /* AppDelegate.swift in Sources */,
				031CC13B2CA7066F0081D132 /* LoginView.swift in Sources */,
				03F55B352CCC1CA300674DEF /* MyMarker.swift in Sources */,
				03F55A882CCADC2A00674DEF /* TabBarView.swift in Sources */,
				034C66312CAD8CBF0051B8E9 /* ResourceEndPoint.swift in Sources */,
				031CC1392CA7066F0081D132 /* AndysWayApp.swift in Sources */,
				03B27CA32CD07F920004DA73 /* AddMarkerView.swift in Sources */,
				03F55B312CCC1C4B00674DEF /* NetworkErrors.swift in Sources */,
				03B27CA12CD00FA20004DA73 /* MarkerView.swift in Sources */,
				03F55AF72CCC143600674DEF /* MarkersEndPoint.swift in Sources */,
				034C66332CAD8E240051B8E9 /* Environment.swift in Sources */,
				03F55A8C2CCADFBA00674DEF /* MapView.swift in Sources */,
				03F55AF52CCBE39200674DEF /* LocationManager.swift in Sources */,
				03E8979F2CADC2A600403E52 /* LoginViewModel.swift in Sources */,
				03F55AF92CCC161100674DEF /* MapViewModel.swift in Sources */,
				036269272CEBE5CD005AD3F1 /* FilterMarkersView.swift in Sources */,
				03F55A8E2CCADFE300674DEF /* ProfileView.swift in Sources */,
				03F55B332CCC1C9000674DEF /* User.swift in Sources */,
				03F55B2D2CCC18D600674DEF /* HomeViewModel.swift in Sources */,
				03F55B2F2CCC18DF00674DEF /* ProfileViewModel.swift in Sources */,
				03E897A12CADC2F000403E52 /* LoginEndPoint.swift in Sources */,
			);
			runOnlyForDeploymentPostprocessing = 0;
		};
		031CC1442CA706700081D132 /* Sources */ = {
			isa = PBXSourcesBuildPhase;
			buildActionMask = 2147483647;
			files = (
				031CC14D2CA706700081D132 /* AndysWayTests.swift in Sources */,
			);
			runOnlyForDeploymentPostprocessing = 0;
		};
		031CC14E2CA706700081D132 /* Sources */ = {
			isa = PBXSourcesBuildPhase;
			buildActionMask = 2147483647;
			files = (
				031CC1592CA706700081D132 /* AndysWayUITestsLaunchTests.swift in Sources */,
				031CC1572CA706700081D132 /* AndysWayUITests.swift in Sources */,
			);
			runOnlyForDeploymentPostprocessing = 0;
		};
/* End PBXSourcesBuildPhase section */

/* Begin PBXTargetDependency section */
		031CC14A2CA706700081D132 /* PBXTargetDependency */ = {
			isa = PBXTargetDependency;
			target = 031CC1342CA7066F0081D132 /* AndysWay */;
			targetProxy = 031CC1492CA706700081D132 /* PBXContainerItemProxy */;
		};
		031CC1542CA706700081D132 /* PBXTargetDependency */ = {
			isa = PBXTargetDependency;
			target = 031CC1342CA7066F0081D132 /* AndysWay */;
			targetProxy = 031CC1532CA706700081D132 /* PBXContainerItemProxy */;
		};
/* End PBXTargetDependency section */

/* Begin XCBuildConfiguration section */
		031CC15A2CA706700081D132 /* Debug */ = {
			isa = XCBuildConfiguration;
			buildSettings = {
				ALWAYS_SEARCH_USER_PATHS = NO;
				ASSETCATALOG_COMPILER_GENERATE_SWIFT_ASSET_SYMBOL_EXTENSIONS = YES;
				CLANG_ANALYZER_NONNULL = YES;
				CLANG_ANALYZER_NUMBER_OBJECT_CONVERSION = YES_AGGRESSIVE;
				CLANG_CXX_LANGUAGE_STANDARD = "gnu++20";
				CLANG_ENABLE_MODULES = YES;
				CLANG_ENABLE_OBJC_ARC = YES;
				CLANG_ENABLE_OBJC_WEAK = YES;
				CLANG_WARN_BLOCK_CAPTURE_AUTORELEASING = YES;
				CLANG_WARN_BOOL_CONVERSION = YES;
				CLANG_WARN_COMMA = YES;
				CLANG_WARN_CONSTANT_CONVERSION = YES;
				CLANG_WARN_DEPRECATED_OBJC_IMPLEMENTATIONS = YES;
				CLANG_WARN_DIRECT_OBJC_ISA_USAGE = YES_ERROR;
				CLANG_WARN_DOCUMENTATION_COMMENTS = YES;
				CLANG_WARN_EMPTY_BODY = YES;
				CLANG_WARN_ENUM_CONVERSION = YES;
				CLANG_WARN_INFINITE_RECURSION = YES;
				CLANG_WARN_INT_CONVERSION = YES;
				CLANG_WARN_NON_LITERAL_NULL_CONVERSION = YES;
				CLANG_WARN_OBJC_IMPLICIT_RETAIN_SELF = YES;
				CLANG_WARN_OBJC_LITERAL_CONVERSION = YES;
				CLANG_WARN_OBJC_ROOT_CLASS = YES_ERROR;
				CLANG_WARN_QUOTED_INCLUDE_IN_FRAMEWORK_HEADER = YES;
				CLANG_WARN_RANGE_LOOP_ANALYSIS = YES;
				CLANG_WARN_STRICT_PROTOTYPES = YES;
				CLANG_WARN_SUSPICIOUS_MOVE = YES;
				CLANG_WARN_UNGUARDED_AVAILABILITY = YES_AGGRESSIVE;
				CLANG_WARN_UNREACHABLE_CODE = YES;
				CLANG_WARN__DUPLICATE_METHOD_MATCH = YES;
				COPY_PHASE_STRIP = NO;
				DEBUG_INFORMATION_FORMAT = dwarf;
				ENABLE_STRICT_OBJC_MSGSEND = YES;
				ENABLE_TESTABILITY = YES;
				ENABLE_USER_SCRIPT_SANDBOXING = YES;
				GCC_C_LANGUAGE_STANDARD = gnu17;
				GCC_DYNAMIC_NO_PIC = NO;
				GCC_NO_COMMON_BLOCKS = YES;
				GCC_OPTIMIZATION_LEVEL = 0;
				GCC_PREPROCESSOR_DEFINITIONS = (
					"DEBUG=1",
					"$(inherited)",
				);
				GCC_WARN_64_TO_32_BIT_CONVERSION = YES;
				GCC_WARN_ABOUT_RETURN_TYPE = YES_ERROR;
				GCC_WARN_UNDECLARED_SELECTOR = YES;
				GCC_WARN_UNINITIALIZED_AUTOS = YES_AGGRESSIVE;
				GCC_WARN_UNUSED_FUNCTION = YES;
				GCC_WARN_UNUSED_VARIABLE = YES;
				LOCALIZATION_PREFERS_STRING_CATALOGS = YES;
				MTL_ENABLE_DEBUG_INFO = INCLUDE_SOURCE;
				MTL_FAST_MATH = YES;
				ONLY_ACTIVE_ARCH = YES;
				SWIFT_ACTIVE_COMPILATION_CONDITIONS = "DEBUG $(inherited)";
				SWIFT_OPTIMIZATION_LEVEL = "-Onone";
			};
			name = Debug;
		};
		031CC15B2CA706700081D132 /* Release */ = {
			isa = XCBuildConfiguration;
			buildSettings = {
				ALWAYS_SEARCH_USER_PATHS = NO;
				ASSETCATALOG_COMPILER_GENERATE_SWIFT_ASSET_SYMBOL_EXTENSIONS = YES;
				CLANG_ANALYZER_NONNULL = YES;
				CLANG_ANALYZER_NUMBER_OBJECT_CONVERSION = YES_AGGRESSIVE;
				CLANG_CXX_LANGUAGE_STANDARD = "gnu++20";
				CLANG_ENABLE_MODULES = YES;
				CLANG_ENABLE_OBJC_ARC = YES;
				CLANG_ENABLE_OBJC_WEAK = YES;
				CLANG_WARN_BLOCK_CAPTURE_AUTORELEASING = YES;
				CLANG_WARN_BOOL_CONVERSION = YES;
				CLANG_WARN_COMMA = YES;
				CLANG_WARN_CONSTANT_CONVERSION = YES;
				CLANG_WARN_DEPRECATED_OBJC_IMPLEMENTATIONS = YES;
				CLANG_WARN_DIRECT_OBJC_ISA_USAGE = YES_ERROR;
				CLANG_WARN_DOCUMENTATION_COMMENTS = YES;
				CLANG_WARN_EMPTY_BODY = YES;
				CLANG_WARN_ENUM_CONVERSION = YES;
				CLANG_WARN_INFINITE_RECURSION = YES;
				CLANG_WARN_INT_CONVERSION = YES;
				CLANG_WARN_NON_LITERAL_NULL_CONVERSION = YES;
				CLANG_WARN_OBJC_IMPLICIT_RETAIN_SELF = YES;
				CLANG_WARN_OBJC_LITERAL_CONVERSION = YES;
				CLANG_WARN_OBJC_ROOT_CLASS = YES_ERROR;
				CLANG_WARN_QUOTED_INCLUDE_IN_FRAMEWORK_HEADER = YES;
				CLANG_WARN_RANGE_LOOP_ANALYSIS = YES;
				CLANG_WARN_STRICT_PROTOTYPES = YES;
				CLANG_WARN_SUSPICIOUS_MOVE = YES;
				CLANG_WARN_UNGUARDED_AVAILABILITY = YES_AGGRESSIVE;
				CLANG_WARN_UNREACHABLE_CODE = YES;
				CLANG_WARN__DUPLICATE_METHOD_MATCH = YES;
				COPY_PHASE_STRIP = NO;
				DEBUG_INFORMATION_FORMAT = "dwarf-with-dsym";
				ENABLE_NS_ASSERTIONS = NO;
				ENABLE_STRICT_OBJC_MSGSEND = YES;
				ENABLE_USER_SCRIPT_SANDBOXING = YES;
				GCC_C_LANGUAGE_STANDARD = gnu17;
				GCC_NO_COMMON_BLOCKS = YES;
				GCC_WARN_64_TO_32_BIT_CONVERSION = YES;
				GCC_WARN_ABOUT_RETURN_TYPE = YES_ERROR;
				GCC_WARN_UNDECLARED_SELECTOR = YES;
				GCC_WARN_UNINITIALIZED_AUTOS = YES_AGGRESSIVE;
				GCC_WARN_UNUSED_FUNCTION = YES;
				GCC_WARN_UNUSED_VARIABLE = YES;
				LOCALIZATION_PREFERS_STRING_CATALOGS = YES;
				MTL_ENABLE_DEBUG_INFO = NO;
				MTL_FAST_MATH = YES;
				SWIFT_COMPILATION_MODE = wholemodule;
			};
			name = Release;
		};
		031CC15D2CA706700081D132 /* Debug */ = {
			isa = XCBuildConfiguration;
			buildSettings = {
				ASSETCATALOG_COMPILER_APPICON_NAME = AppIcon;
				ASSETCATALOG_COMPILER_GLOBAL_ACCENT_COLOR_NAME = AccentColor;
				CODE_SIGN_ENTITLEMENTS = AndysWay/AndysWay.entitlements;
				CODE_SIGN_STYLE = Automatic;
				CURRENT_PROJECT_VERSION = 1;
				DEVELOPMENT_ASSET_PATHS = "\"AndysWay/Preview Content\"";
				DEVELOPMENT_TEAM = 9366E92J33;
				ENABLE_HARDENED_RUNTIME = YES;
				ENABLE_PREVIEWS = YES;
				GENERATE_INFOPLIST_FILE = YES;
				INFOPLIST_KEY_NSLocationWhenInUseUsageDescription = "Used for adding map markers.";
				"INFOPLIST_KEY_UIApplicationSceneManifest_Generation[sdk=iphoneos*]" = YES;
				"INFOPLIST_KEY_UIApplicationSceneManifest_Generation[sdk=iphonesimulator*]" = YES;
				"INFOPLIST_KEY_UIApplicationSupportsIndirectInputEvents[sdk=iphoneos*]" = YES;
				"INFOPLIST_KEY_UIApplicationSupportsIndirectInputEvents[sdk=iphonesimulator*]" = YES;
				"INFOPLIST_KEY_UILaunchScreen_Generation[sdk=iphoneos*]" = YES;
				"INFOPLIST_KEY_UILaunchScreen_Generation[sdk=iphonesimulator*]" = YES;
				"INFOPLIST_KEY_UIStatusBarStyle[sdk=iphoneos*]" = UIStatusBarStyleDefault;
				"INFOPLIST_KEY_UIStatusBarStyle[sdk=iphonesimulator*]" = UIStatusBarStyleDefault;
				INFOPLIST_KEY_UISupportedInterfaceOrientations_iPad = "UIInterfaceOrientationPortrait UIInterfaceOrientationPortraitUpsideDown UIInterfaceOrientationLandscapeLeft UIInterfaceOrientationLandscapeRight";
				INFOPLIST_KEY_UISupportedInterfaceOrientations_iPhone = "UIInterfaceOrientationPortrait UIInterfaceOrientationLandscapeLeft UIInterfaceOrientationLandscapeRight";
				IPHONEOS_DEPLOYMENT_TARGET = 16.6;
				LD_RUNPATH_SEARCH_PATHS = "@executable_path/Frameworks";
				"LD_RUNPATH_SEARCH_PATHS[sdk=macosx*]" = "@executable_path/../Frameworks";
				MACOSX_DEPLOYMENT_TARGET = 14.0;
				MARKETING_VERSION = 1.0;
				PRODUCT_BUNDLE_IDENTIFIER = com.haberdashery1234.AndysWay;
				PRODUCT_NAME = "$(TARGET_NAME)";
				SDKROOT = auto;
				SUPPORTED_PLATFORMS = "iphoneos iphonesimulator";
				SUPPORTS_MACCATALYST = NO;
				SWIFT_EMIT_LOC_STRINGS = YES;
				SWIFT_VERSION = 5.0;
				TARGETED_DEVICE_FAMILY = "1,2";
			};
			name = Debug;
		};
		031CC15E2CA706700081D132 /* Release */ = {
			isa = XCBuildConfiguration;
			buildSettings = {
				ASSETCATALOG_COMPILER_APPICON_NAME = AppIcon;
				ASSETCATALOG_COMPILER_GLOBAL_ACCENT_COLOR_NAME = AccentColor;
				CODE_SIGN_ENTITLEMENTS = AndysWay/AndysWay.entitlements;
				CODE_SIGN_STYLE = Automatic;
				CURRENT_PROJECT_VERSION = 1;
				DEVELOPMENT_ASSET_PATHS = "\"AndysWay/Preview Content\"";
				DEVELOPMENT_TEAM = 9366E92J33;
				ENABLE_HARDENED_RUNTIME = YES;
				ENABLE_PREVIEWS = YES;
				GENERATE_INFOPLIST_FILE = YES;
				INFOPLIST_KEY_NSLocationWhenInUseUsageDescription = "Used for adding map markers.";
				"INFOPLIST_KEY_UIApplicationSceneManifest_Generation[sdk=iphoneos*]" = YES;
				"INFOPLIST_KEY_UIApplicationSceneManifest_Generation[sdk=iphonesimulator*]" = YES;
				"INFOPLIST_KEY_UIApplicationSupportsIndirectInputEvents[sdk=iphoneos*]" = YES;
				"INFOPLIST_KEY_UIApplicationSupportsIndirectInputEvents[sdk=iphonesimulator*]" = YES;
				"INFOPLIST_KEY_UILaunchScreen_Generation[sdk=iphoneos*]" = YES;
				"INFOPLIST_KEY_UILaunchScreen_Generation[sdk=iphonesimulator*]" = YES;
				"INFOPLIST_KEY_UIStatusBarStyle[sdk=iphoneos*]" = UIStatusBarStyleDefault;
				"INFOPLIST_KEY_UIStatusBarStyle[sdk=iphonesimulator*]" = UIStatusBarStyleDefault;
				INFOPLIST_KEY_UISupportedInterfaceOrientations_iPad = "UIInterfaceOrientationPortrait UIInterfaceOrientationPortraitUpsideDown UIInterfaceOrientationLandscapeLeft UIInterfaceOrientationLandscapeRight";
				INFOPLIST_KEY_UISupportedInterfaceOrientations_iPhone = "UIInterfaceOrientationPortrait UIInterfaceOrientationLandscapeLeft UIInterfaceOrientationLandscapeRight";
				IPHONEOS_DEPLOYMENT_TARGET = 16.6;
				LD_RUNPATH_SEARCH_PATHS = "@executable_path/Frameworks";
				"LD_RUNPATH_SEARCH_PATHS[sdk=macosx*]" = "@executable_path/../Frameworks";
				MACOSX_DEPLOYMENT_TARGET = 14.0;
				MARKETING_VERSION = 1.0;
				PRODUCT_BUNDLE_IDENTIFIER = com.haberdashery1234.AndysWay;
				PRODUCT_NAME = "$(TARGET_NAME)";
				SDKROOT = auto;
				SUPPORTED_PLATFORMS = "iphoneos iphonesimulator";
				SUPPORTS_MACCATALYST = NO;
				SWIFT_EMIT_LOC_STRINGS = YES;
				SWIFT_VERSION = 5.0;
				TARGETED_DEVICE_FAMILY = "1,2";
			};
			name = Release;
		};
		031CC1602CA706700081D132 /* Debug */ = {
			isa = XCBuildConfiguration;
			buildSettings = {
				ALWAYS_EMBED_SWIFT_STANDARD_LIBRARIES = YES;
				BUNDLE_LOADER = "$(TEST_HOST)";
				CODE_SIGN_STYLE = Automatic;
				CURRENT_PROJECT_VERSION = 1;
				DEVELOPMENT_TEAM = 9366E92J33;
				GENERATE_INFOPLIST_FILE = YES;
				IPHONEOS_DEPLOYMENT_TARGET = 17.5;
				MACOSX_DEPLOYMENT_TARGET = 14.4;
				MARKETING_VERSION = 1.0;
				PRODUCT_BUNDLE_IDENTIFIER = com.haberdashery1234.AndysWayTests;
				PRODUCT_NAME = "$(TARGET_NAME)";
				SDKROOT = auto;
				SUPPORTED_PLATFORMS = "iphoneos iphonesimulator macosx";
				SWIFT_EMIT_LOC_STRINGS = NO;
				SWIFT_VERSION = 5.0;
				TARGETED_DEVICE_FAMILY = "1,2";
				TEST_HOST = "$(BUILT_PRODUCTS_DIR)/AndysWay.app/$(BUNDLE_EXECUTABLE_FOLDER_PATH)/AndysWay";
			};
			name = Debug;
		};
		031CC1612CA706700081D132 /* Release */ = {
			isa = XCBuildConfiguration;
			buildSettings = {
				ALWAYS_EMBED_SWIFT_STANDARD_LIBRARIES = YES;
				BUNDLE_LOADER = "$(TEST_HOST)";
				CODE_SIGN_STYLE = Automatic;
				CURRENT_PROJECT_VERSION = 1;
				DEVELOPMENT_TEAM = 9366E92J33;
				GENERATE_INFOPLIST_FILE = YES;
				IPHONEOS_DEPLOYMENT_TARGET = 17.5;
				MACOSX_DEPLOYMENT_TARGET = 14.4;
				MARKETING_VERSION = 1.0;
				PRODUCT_BUNDLE_IDENTIFIER = com.haberdashery1234.AndysWayTests;
				PRODUCT_NAME = "$(TARGET_NAME)";
				SDKROOT = auto;
				SUPPORTED_PLATFORMS = "iphoneos iphonesimulator macosx";
				SWIFT_EMIT_LOC_STRINGS = NO;
				SWIFT_VERSION = 5.0;
				TARGETED_DEVICE_FAMILY = "1,2";
				TEST_HOST = "$(BUILT_PRODUCTS_DIR)/AndysWay.app/$(BUNDLE_EXECUTABLE_FOLDER_PATH)/AndysWay";
			};
			name = Release;
		};
		031CC1632CA706700081D132 /* Debug */ = {
			isa = XCBuildConfiguration;
			buildSettings = {
				ALWAYS_EMBED_SWIFT_STANDARD_LIBRARIES = YES;
				CODE_SIGN_STYLE = Automatic;
				CURRENT_PROJECT_VERSION = 1;
				DEVELOPMENT_TEAM = 9366E92J33;
				GENERATE_INFOPLIST_FILE = YES;
				IPHONEOS_DEPLOYMENT_TARGET = 17.5;
				MACOSX_DEPLOYMENT_TARGET = 14.4;
				MARKETING_VERSION = 1.0;
				PRODUCT_BUNDLE_IDENTIFIER = com.haberdashery1234.AndysWayUITests;
				PRODUCT_NAME = "$(TARGET_NAME)";
				SDKROOT = auto;
				SUPPORTED_PLATFORMS = "iphoneos iphonesimulator macosx";
				SWIFT_EMIT_LOC_STRINGS = NO;
				SWIFT_VERSION = 5.0;
				TARGETED_DEVICE_FAMILY = "1,2";
				TEST_TARGET_NAME = AndysWay;
			};
			name = Debug;
		};
		031CC1642CA706700081D132 /* Release */ = {
			isa = XCBuildConfiguration;
			buildSettings = {
				ALWAYS_EMBED_SWIFT_STANDARD_LIBRARIES = YES;
				CODE_SIGN_STYLE = Automatic;
				CURRENT_PROJECT_VERSION = 1;
				DEVELOPMENT_TEAM = 9366E92J33;
				GENERATE_INFOPLIST_FILE = YES;
				IPHONEOS_DEPLOYMENT_TARGET = 17.5;
				MACOSX_DEPLOYMENT_TARGET = 14.4;
				MARKETING_VERSION = 1.0;
				PRODUCT_BUNDLE_IDENTIFIER = com.haberdashery1234.AndysWayUITests;
				PRODUCT_NAME = "$(TARGET_NAME)";
				SDKROOT = auto;
				SUPPORTED_PLATFORMS = "iphoneos iphonesimulator macosx";
				SWIFT_EMIT_LOC_STRINGS = NO;
				SWIFT_VERSION = 5.0;
				TARGETED_DEVICE_FAMILY = "1,2";
				TEST_TARGET_NAME = AndysWay;
			};
			name = Release;
		};
/* End XCBuildConfiguration section */

/* Begin XCConfigurationList section */
		031CC1302CA7066F0081D132 /* Build configuration list for PBXProject "AndysWay" */ = {
			isa = XCConfigurationList;
			buildConfigurations = (
				031CC15A2CA706700081D132 /* Debug */,
				031CC15B2CA706700081D132 /* Release */,
			);
			defaultConfigurationIsVisible = 0;
			defaultConfigurationName = Release;
		};
		031CC15C2CA706700081D132 /* Build configuration list for PBXNativeTarget "AndysWay" */ = {
			isa = XCConfigurationList;
			buildConfigurations = (
				031CC15D2CA706700081D132 /* Debug */,
				031CC15E2CA706700081D132 /* Release */,
			);
			defaultConfigurationIsVisible = 0;
			defaultConfigurationName = Release;
		};
		031CC15F2CA706700081D132 /* Build configuration list for PBXNativeTarget "AndysWayTests" */ = {
			isa = XCConfigurationList;
			buildConfigurations = (
				031CC1602CA706700081D132 /* Debug */,
				031CC1612CA706700081D132 /* Release */,
			);
			defaultConfigurationIsVisible = 0;
			defaultConfigurationName = Release;
		};
		031CC1622CA706700081D132 /* Build configuration list for PBXNativeTarget "AndysWayUITests" */ = {
			isa = XCConfigurationList;
			buildConfigurations = (
				031CC1632CA706700081D132 /* Debug */,
				031CC1642CA706700081D132 /* Release */,
			);
			defaultConfigurationIsVisible = 0;
			defaultConfigurationName = Release;
		};
/* End XCConfigurationList section */
	};
	rootObject = 031CC12D2CA7066F0081D132 /* Project object */;
}
